
Microsoft Visual Studio Solution File, Format Version 12.00
# Visual Studio Version 17
VisualStudioVersion = 17.4.33110.190
MinimumVisualStudioVersion = 10.0.40219.1
Project("{FAE04EC0-301F-11D3-BF4B-00C04F79EFBC}") = "Fitness_otomasyon", "Fitness_otomasyon\Fitness_otomasyon.csproj", "{DA3E748C-C66A-45E4-A670-BCD157A3B3F3}"
EndProject
Global
	GlobalSection(SolutionConfigurationPlatforms) = preSolution
		Debug|Any CPU = Debug|Any CPU
		Release|Any CPU = Release|Any CPU
	EndGlobalSection
	GlobalSection(ProjectConfigurationPlatforms) = postSolution
		{DA3E748C-C66A-45E4-A670-BCD157A3B3F3}.Debug|Any CPU.ActiveCfg = Debug|Any CPU
		{DA3E748C-C66A-45E4-A670-BCD157A3B3F3}.Debug|Any CPU.Build.0 = Debug|Any CPU
		{DA3E748C-C66A-45E4-A670-BCD157A3B3F3}.Release|Any CPU.ActiveCfg = Release|Any CPU
		{DA3E748C-C66A-45E4-A670-BCD157A3B3F3}.Release|Any CPU.Build.0 = Release|Any CPU
	EndGlobalSection
	GlobalSection(SolutionProperties) = preSolution
		HideSolutionNode = FALSE
	EndGlobalSection
	GlobalSection(ExtensibilityGlobals) = postSolution
		SolutionGuid = {A4886B99-A486-4310-B080-7913ED8E8D1C}
	EndGlobalSection
EndGlobal
